// !$*UTF8*$!
{
	archiveVersion = 1;
	classes = {
	};
	objectVersion = 55;
	objects = {

/* Begin PBXBuildFile section */
		5F33A7A027A268A2009398D4 /* MainTableViewController.swift in Sources */ = {isa = PBXBuildFile; fileRef = 5F33A79E27A268A2009398D4 /* MainTableViewController.swift */; };
		5F33A7A127A268A2009398D4 /* MainTableViewController.xib in Resources */ = {isa = PBXBuildFile; fileRef = 5F33A79F27A268A2009398D4 /* MainTableViewController.xib */; };
		5FF67A4F27A13ABA008F5A47 /* AppDelegate.swift in Sources */ = {isa = PBXBuildFile; fileRef = 5FF67A4E27A13ABA008F5A47 /* AppDelegate.swift */; };
		5FF67A5127A13ABA008F5A47 /* SceneDelegate.swift in Sources */ = {isa = PBXBuildFile; fileRef = 5FF67A5027A13ABA008F5A47 /* SceneDelegate.swift */; };
		5FF67A5927A13ABA008F5A47 /* CoreData_Sample.xcdatamodeld in Sources */ = {isa = PBXBuildFile; fileRef = 5FF67A5727A13ABA008F5A47 /* CoreData_Sample.xcdatamodeld */; };
		5FF67A5B27A13ABC008F5A47 /* Assets.xcassets in Resources */ = {isa = PBXBuildFile; fileRef = 5FF67A5A27A13ABC008F5A47 /* Assets.xcassets */; };
		5FF67A5E27A13ABC008F5A47 /* LaunchScreen.storyboard in Resources */ = {isa = PBXBuildFile; fileRef = 5FF67A5C27A13ABC008F5A47 /* LaunchScreen.storyboard */; };
		5FF67A6927A13ABC008F5A47 /* CoreData_SampleTests.swift in Sources */ = {isa = PBXBuildFile; fileRef = 5FF67A6827A13ABC008F5A47 /* CoreData_SampleTests.swift */; };
		5FF67A7327A13ABC008F5A47 /* CoreData_SampleUITests.swift in Sources */ = {isa = PBXBuildFile; fileRef = 5FF67A7227A13ABC008F5A47 /* CoreData_SampleUITests.swift */; };
		5FF67A7527A13ABC008F5A47 /* CoreData_SampleUITestsLaunchTests.swift in Sources */ = {isa = PBXBuildFile; fileRef = 5FF67A7427A13ABC008F5A47 /* CoreData_SampleUITestsLaunchTests.swift */; };
		5FF67A8A27A13BE1008F5A47 /* SimpleAddDeleteController.swift in Sources */ = {isa = PBXBuildFile; fileRef = 5FF67A8827A13BE1008F5A47 /* SimpleAddDeleteController.swift */; };
		5FF67A8B27A13BE1008F5A47 /* SimpleAddDeleteController.xib in Resources */ = {isa = PBXBuildFile; fileRef = 5FF67A8927A13BE1008F5A47 /* SimpleAddDeleteController.xib */; };
		5FF67A8D27A140AE008F5A47 /* FirstViewModel.swift in Sources */ = {isa = PBXBuildFile; fileRef = 5FF67A8C27A140AE008F5A47 /* FirstViewModel.swift */; };
		5FF67A8F27A14D3C008F5A47 /* CoreDataManager.swift in Sources */ = {isa = PBXBuildFile; fileRef = 5FF67A8E27A14D3C008F5A47 /* CoreDataManager.swift */; };
		5FF67A9227A15897008F5A47 /* Observable.swift in Sources */ = {isa = PBXBuildFile; fileRef = 5FF67A9127A15897008F5A47 /* Observable.swift */; };
/* End PBXBuildFile section */

/* Begin PBXContainerItemProxy section */
		5FF67A6527A13ABC008F5A47 /* PBXContainerItemProxy */ = {
			isa = PBXContainerItemProxy;
			containerPortal = 5FF67A4327A13ABA008F5A47 /* Project object */;
			proxyType = 1;
			remoteGlobalIDString = 5FF67A4A27A13ABA008F5A47;
			remoteInfo = "CoreData-Sample";
		};
		5FF67A6F27A13ABC008F5A47 /* PBXContainerItemProxy */ = {
			isa = PBXContainerItemProxy;
			containerPortal = 5FF67A4327A13ABA008F5A47 /* Project object */;
			proxyType = 1;
			remoteGlobalIDString = 5FF67A4A27A13ABA008F5A47;
			remoteInfo = "CoreData-Sample";
		};
/* End PBXContainerItemProxy section */

/* Begin PBXFileReference section */
		5F33A79E27A268A2009398D4 /* MainTableViewController.swift */ = {isa = PBXFileReference; lastKnownFileType = sourcecode.swift; path = MainTableViewController.swift; sourceTree = "<group>"; };
		5F33A79F27A268A2009398D4 /* MainTableViewController.xib */ = {isa = PBXFileReference; lastKnownFileType = file.xib; path = MainTableViewController.xib; sourceTree = "<group>"; };
		5FF67A4B27A13ABA008F5A47 /* CoreData-Sample.app */ = {isa = PBXFileReference; explicitFileType = wrapper.application; includeInIndex = 0; path = "CoreData-Sample.app"; sourceTree = BUILT_PRODUCTS_DIR; };
		5FF67A4E27A13ABA008F5A47 /* AppDelegate.swift */ = {isa = PBXFileReference; lastKnownFileType = sourcecode.swift; path = AppDelegate.swift; sourceTree = "<group>"; };
		5FF67A5027A13ABA008F5A47 /* SceneDelegate.swift */ = {isa = PBXFileReference; lastKnownFileType = sourcecode.swift; path = SceneDelegate.swift; sourceTree = "<group>"; };
		5FF67A5827A13ABA008F5A47 /* CoreData_Sample.xcdatamodel */ = {isa = PBXFileReference; lastKnownFileType = wrapper.xcdatamodel; path = CoreData_Sample.xcdatamodel; sourceTree = "<group>"; };
		5FF67A5A27A13ABC008F5A47 /* Assets.xcassets */ = {isa = PBXFileReference; lastKnownFileType = folder.assetcatalog; path = Assets.xcassets; sourceTree = "<group>"; };
		5FF67A5D27A13ABC008F5A47 /* Base */ = {isa = PBXFileReference; lastKnownFileType = file.storyboard; name = Base; path = Base.lproj/LaunchScreen.storyboard; sourceTree = "<group>"; };
		5FF67A5F27A13ABC008F5A47 /* Info.plist */ = {isa = PBXFileReference; lastKnownFileType = text.plist.xml; path = Info.plist; sourceTree = "<group>"; };
		5FF67A6427A13ABC008F5A47 /* CoreData-SampleTests.xctest */ = {isa = PBXFileReference; explicitFileType = wrapper.cfbundle; includeInIndex = 0; path = "CoreData-SampleTests.xctest"; sourceTree = BUILT_PRODUCTS_DIR; };
		5FF67A6827A13ABC008F5A47 /* CoreData_SampleTests.swift */ = {isa = PBXFileReference; lastKnownFileType = sourcecode.swift; path = CoreData_SampleTests.swift; sourceTree = "<group>"; };
		5FF67A6E27A13ABC008F5A47 /* CoreData-SampleUITests.xctest */ = {isa = PBXFileReference; explicitFileType = wrapper.cfbundle; includeInIndex = 0; path = "CoreData-SampleUITests.xctest"; sourceTree = BUILT_PRODUCTS_DIR; };
		5FF67A7227A13ABC008F5A47 /* CoreData_SampleUITests.swift */ = {isa = PBXFileReference; lastKnownFileType = sourcecode.swift; path = CoreData_SampleUITests.swift; sourceTree = "<group>"; };
		5FF67A7427A13ABC008F5A47 /* CoreData_SampleUITestsLaunchTests.swift */ = {isa = PBXFileReference; lastKnownFileType = sourcecode.swift; path = CoreData_SampleUITestsLaunchTests.swift; sourceTree = "<group>"; };
		5FF67A8827A13BE1008F5A47 /* SimpleAddDeleteController.swift */ = {isa = PBXFileReference; lastKnownFileType = sourcecode.swift; path = SimpleAddDeleteController.swift; sourceTree = "<group>"; };
		5FF67A8927A13BE1008F5A47 /* SimpleAddDeleteController.xib */ = {isa = PBXFileReference; lastKnownFileType = file.xib; path = SimpleAddDeleteController.xib; sourceTree = "<group>"; };
		5FF67A8C27A140AE008F5A47 /* FirstViewModel.swift */ = {isa = PBXFileReference; lastKnownFileType = sourcecode.swift; path = FirstViewModel.swift; sourceTree = "<group>"; };
		5FF67A8E27A14D3C008F5A47 /* CoreDataManager.swift */ = {isa = PBXFileReference; lastKnownFileType = sourcecode.swift; path = CoreDataManager.swift; sourceTree = "<group>"; };
		5FF67A9127A15897008F5A47 /* Observable.swift */ = {isa = PBXFileReference; lastKnownFileType = sourcecode.swift; path = Observable.swift; sourceTree = "<group>"; };
/* End PBXFileReference section */

/* Begin PBXFrameworksBuildPhase section */
		5FF67A4827A13ABA008F5A47 /* Frameworks */ = {
			isa = PBXFrameworksBuildPhase;
			buildActionMask = 2147483647;
			files = (
			);
			runOnlyForDeploymentPostprocessing = 0;
		};
		5FF67A6127A13ABC008F5A47 /* Frameworks */ = {
			isa = PBXFrameworksBuildPhase;
			buildActionMask = 2147483647;
			files = (
			);
			runOnlyForDeploymentPostprocessing = 0;
		};
		5FF67A6B27A13ABC008F5A47 /* Frameworks */ = {
			isa = PBXFrameworksBuildPhase;
			buildActionMask = 2147483647;
			files = (
			);
			runOnlyForDeploymentPostprocessing = 0;
		};
/* End PBXFrameworksBuildPhase section */

/* Begin PBXGroup section */
		5F33A79D27A2687B009398D4 /* MainTableView */ = {
			isa = PBXGroup;
			children = (
				5F33A79E27A268A2009398D4 /* MainTableViewController.swift */,
				5F33A79F27A268A2009398D4 /* MainTableViewController.xib */,
			);
			path = MainTableView;
			sourceTree = "<group>";
		};
		5FF67A4227A13ABA008F5A47 = {
			isa = PBXGroup;
			children = (
				5FF67A4D27A13ABA008F5A47 /* CoreData-Sample */,
				5FF67A6727A13ABC008F5A47 /* CoreData-SampleTests */,
				5FF67A7127A13ABC008F5A47 /* CoreData-SampleUITests */,
				5FF67A4C27A13ABA008F5A47 /* Products */,
			);
			sourceTree = "<group>";
		};
		5FF67A4C27A13ABA008F5A47 /* Products */ = {
			isa = PBXGroup;
			children = (
				5FF67A4B27A13ABA008F5A47 /* CoreData-Sample.app */,
				5FF67A6427A13ABC008F5A47 /* CoreData-SampleTests.xctest */,
				5FF67A6E27A13ABC008F5A47 /* CoreData-SampleUITests.xctest */,
			);
			name = Products;
			sourceTree = "<group>";
		};
		5FF67A4D27A13ABA008F5A47 /* CoreData-Sample */ = {
			isa = PBXGroup;
			children = (
				5FF67A9027A15883008F5A47 /* Helpers */,
				5FF67A8627A13B60008F5A47 /* Resources */,
				5FF67A8527A13B4C008F5A47 /* ViewModels */,
				5FF67A8427A13B3D008F5A47 /* Models */,
				5FF67A8327A13B2F008F5A47 /* Views */,
				5FF67A8227A13B27008F5A47 /* Controllers */,
				5FF67A8127A13B0F008F5A47 /* Database */,
				5FF67A5F27A13ABC008F5A47 /* Info.plist */,
			);
			path = "CoreData-Sample";
			sourceTree = "<group>";
		};
		5FF67A6727A13ABC008F5A47 /* CoreData-SampleTests */ = {
			isa = PBXGroup;
			children = (
				5FF67A6827A13ABC008F5A47 /* CoreData_SampleTests.swift */,
			);
			path = "CoreData-SampleTests";
			sourceTree = "<group>";
		};
		5FF67A7127A13ABC008F5A47 /* CoreData-SampleUITests */ = {
			isa = PBXGroup;
			children = (
				5FF67A7227A13ABC008F5A47 /* CoreData_SampleUITests.swift */,
				5FF67A7427A13ABC008F5A47 /* CoreData_SampleUITestsLaunchTests.swift */,
			);
			path = "CoreData-SampleUITests";
			sourceTree = "<group>";
		};
		5FF67A8127A13B0F008F5A47 /* Database */ = {
			isa = PBXGroup;
			children = (
				5FF67A5727A13ABA008F5A47 /* CoreData_Sample.xcdatamodeld */,
				5FF67A8E27A14D3C008F5A47 /* CoreDataManager.swift */,
			);
			path = Database;
			sourceTree = "<group>";
		};
		5FF67A8227A13B27008F5A47 /* Controllers */ = {
			isa = PBXGroup;
			children = (
				5F33A79D27A2687B009398D4 /* MainTableView */,
				5FF67A8727A13BC0008F5A47 /* SimpleAddDeleteController */,
			);
			path = Controllers;
			sourceTree = "<group>";
		};
		5FF67A8327A13B2F008F5A47 /* Views */ = {
			isa = PBXGroup;
			children = (
				5FF67A5C27A13ABC008F5A47 /* LaunchScreen.storyboard */,
			);
			path = Views;
			sourceTree = "<group>";
		};
		5FF67A8427A13B3D008F5A47 /* Models */ = {
			isa = PBXGroup;
			children = (
			);
			path = Models;
			sourceTree = "<group>";
		};
		5FF67A8527A13B4C008F5A47 /* ViewModels */ = {
			isa = PBXGroup;
			children = (
				5FF67A8C27A140AE008F5A47 /* FirstViewModel.swift */,
			);
			path = ViewModels;
			sourceTree = "<group>";
		};
		5FF67A8627A13B60008F5A47 /* Resources */ = {
			isa = PBXGroup;
			children = (
				5FF67A4E27A13ABA008F5A47 /* AppDelegate.swift */,
				5FF67A5027A13ABA008F5A47 /* SceneDelegate.swift */,
				5FF67A5A27A13ABC008F5A47 /* Assets.xcassets */,
			);
			path = Resources;
			sourceTree = "<group>";
		};
		5FF67A8727A13BC0008F5A47 /* SimpleAddDeleteController */ = {
			isa = PBXGroup;
			children = (
				5FF67A8827A13BE1008F5A47 /* SimpleAddDeleteController.swift */,
				5FF67A8927A13BE1008F5A47 /* SimpleAddDeleteController.xib */,
			);
			path = SimpleAddDeleteController;
			sourceTree = "<group>";
		};
		5FF67A9027A15883008F5A47 /* Helpers */ = {
			isa = PBXGroup;
			children = (
				5FF67A9127A15897008F5A47 /* Observable.swift */,
			);
			path = Helpers;
			sourceTree = "<group>";
		};
/* End PBXGroup section */

/* Begin PBXNativeTarget section */
		5FF67A4A27A13ABA008F5A47 /* CoreData-Sample */ = {
			isa = PBXNativeTarget;
			buildConfigurationList = 5FF67A7827A13ABC008F5A47 /* Build configuration list for PBXNativeTarget "CoreData-Sample" */;
			buildPhases = (
				5FF67A4727A13ABA008F5A47 /* Sources */,
				5FF67A4827A13ABA008F5A47 /* Frameworks */,
				5FF67A4927A13ABA008F5A47 /* Resources */,
			);
			buildRules = (
			);
			dependencies = (
			);
			name = "CoreData-Sample";
			productName = "CoreData-Sample";
			productReference = 5FF67A4B27A13ABA008F5A47 /* CoreData-Sample.app */;
			productType = "com.apple.product-type.application";
		};
		5FF67A6327A13ABC008F5A47 /* CoreData-SampleTests */ = {
			isa = PBXNativeTarget;
			buildConfigurationList = 5FF67A7B27A13ABC008F5A47 /* Build configuration list for PBXNativeTarget "CoreData-SampleTests" */;
			buildPhases = (
				5FF67A6027A13ABC008F5A47 /* Sources */,
				5FF67A6127A13ABC008F5A47 /* Frameworks */,
				5FF67A6227A13ABC008F5A47 /* Resources */,
			);
			buildRules = (
			);
			dependencies = (
				5FF67A6627A13ABC008F5A47 /* PBXTargetDependency */,
			);
			name = "CoreData-SampleTests";
			productName = "CoreData-SampleTests";
			productReference = 5FF67A6427A13ABC008F5A47 /* CoreData-SampleTests.xctest */;
			productType = "com.apple.product-type.bundle.unit-test";
		};
		5FF67A6D27A13ABC008F5A47 /* CoreData-SampleUITests */ = {
			isa = PBXNativeTarget;
			buildConfigurationList = 5FF67A7E27A13ABC008F5A47 /* Build configuration list for PBXNativeTarget "CoreData-SampleUITests" */;
			buildPhases = (
				5FF67A6A27A13ABC008F5A47 /* Sources */,
				5FF67A6B27A13ABC008F5A47 /* Frameworks */,
				5FF67A6C27A13ABC008F5A47 /* Resources */,
			);
			buildRules = (
			);
			dependencies = (
				5FF67A7027A13ABC008F5A47 /* PBXTargetDependency */,
			);
			name = "CoreData-SampleUITests";
			productName = "CoreData-SampleUITests";
			productReference = 5FF67A6E27A13ABC008F5A47 /* CoreData-SampleUITests.xctest */;
			productType = "com.apple.product-type.bundle.ui-testing";
		};
/* End PBXNativeTarget section */

/* Begin PBXProject section */
		5FF67A4327A13ABA008F5A47 /* Project object */ = {
			isa = PBXProject;
			attributes = {
				BuildIndependentTargetsInParallel = 1;
				LastSwiftUpdateCheck = 1320;
				LastUpgradeCheck = 1320;
				TargetAttributes = {
					5FF67A4A27A13ABA008F5A47 = {
						CreatedOnToolsVersion = 13.2.1;
					};
					5FF67A6327A13ABC008F5A47 = {
						CreatedOnToolsVersion = 13.2.1;
						TestTargetID = 5FF67A4A27A13ABA008F5A47;
					};
					5FF67A6D27A13ABC008F5A47 = {
						CreatedOnToolsVersion = 13.2.1;
						TestTargetID = 5FF67A4A27A13ABA008F5A47;
					};
				};
			};
			buildConfigurationList = 5FF67A4627A13ABA008F5A47 /* Build configuration list for PBXProject "CoreData-Sample" */;
			compatibilityVersion = "Xcode 13.0";
			developmentRegion = en;
			hasScannedForEncodings = 0;
			knownRegions = (
				en,
				Base,
			);
			mainGroup = 5FF67A4227A13ABA008F5A47;
			productRefGroup = 5FF67A4C27A13ABA008F5A47 /* Products */;
			projectDirPath = "";
			projectRoot = "";
			targets = (
				5FF67A4A27A13ABA008F5A47 /* CoreData-Sample */,
				5FF67A6327A13ABC008F5A47 /* CoreData-SampleTests */,
				5FF67A6D27A13ABC008F5A47 /* CoreData-SampleUITests */,
			);
		};
/* End PBXProject section */

/* Begin PBXResourcesBuildPhase section */
		5FF67A4927A13ABA008F5A47 /* Resources */ = {
			isa = PBXResourcesBuildPhase;
			buildActionMask = 2147483647;
			files = (
				5F33A7A127A268A2009398D4 /* MainTableViewController.xib in Resources */,
				5FF67A5E27A13ABC008F5A47 /* LaunchScreen.storyboard in Resources */,
				5FF67A8B27A13BE1008F5A47 /* SimpleAddDeleteController.xib in Resources */,
				5FF67A5B27A13ABC008F5A47 /* Assets.xcassets in Resources */,
			);
			runOnlyForDeploymentPostprocessing = 0;
		};
		5FF67A6227A13ABC008F5A47 /* Resources */ = {
			isa = PBXResourcesBuildPhase;
			buildActionMask = 2147483647;
			files = (
			);
			runOnlyForDeploymentPostprocessing = 0;
		};
		5FF67A6C27A13ABC008F5A47 /* Resources */ = {
			isa = PBXResourcesBuildPhase;
			buildActionMask = 2147483647;
			files = (
			);
			runOnlyForDeploymentPostprocessing = 0;
		};
/* End PBXResourcesBuildPhase section */

/* Begin PBXSourcesBuildPhase section */
		5FF67A4727A13ABA008F5A47 /* Sources */ = {
			isa = PBXSourcesBuildPhase;
			buildActionMask = 2147483647;
			files = (
				5FF67A8F27A14D3C008F5A47 /* CoreDataManager.swift in Sources */,
				5FF67A5927A13ABA008F5A47 /* CoreData_Sample.xcdatamodeld in Sources */,
				5FF67A8D27A140AE008F5A47 /* FirstViewModel.swift in Sources */,
				5FF67A9227A15897008F5A47 /* Observable.swift in Sources */,
				5F33A7A027A268A2009398D4 /* MainTableViewController.swift in Sources */,
				5FF67A4F27A13ABA008F5A47 /* AppDelegate.swift in Sources */,
				5FF67A5127A13ABA008F5A47 /* SceneDelegate.swift in Sources */,
				5FF67A8A27A13BE1008F5A47 /* SimpleAddDeleteController.swift in Sources */,
			);
			runOnlyForDeploymentPostprocessing = 0;
		};
		5FF67A6027A13ABC008F5A47 /* Sources */ = {
			isa = PBXSourcesBuildPhase;
			buildActionMask = 2147483647;
			files = (
				5FF67A6927A13ABC008F5A47 /* CoreData_SampleTests.swift in Sources */,
			);
			runOnlyForDeploymentPostprocessing = 0;
		};
		5FF67A6A27A13ABC008F5A47 /* Sources */ = {
			isa = PBXSourcesBuildPhase;
			buildActionMask = 2147483647;
			files = (
				5FF67A7327A13ABC008F5A47 /* CoreData_SampleUITests.swift in Sources */,
				5FF67A7527A13ABC008F5A47 /* CoreData_SampleUITestsLaunchTests.swift in Sources */,
			);
			runOnlyForDeploymentPostprocessing = 0;
		};
/* End PBXSourcesBuildPhase section */

/* Begin PBXTargetDependency section */
		5FF67A6627A13ABC008F5A47 /* PBXTargetDependency */ = {
			isa = PBXTargetDependency;
			target = 5FF67A4A27A13ABA008F5A47 /* CoreData-Sample */;
			targetProxy = 5FF67A6527A13ABC008F5A47 /* PBXContainerItemProxy */;
		};
		5FF67A7027A13ABC008F5A47 /* PBXTargetDependency */ = {
			isa = PBXTargetDependency;
			target = 5FF67A4A27A13ABA008F5A47 /* CoreData-Sample */;
			targetProxy = 5FF67A6F27A13ABC008F5A47 /* PBXContainerItemProxy */;
		};
/* End PBXTargetDependency section */

/* Begin PBXVariantGroup section */
		5FF67A5C27A13ABC008F5A47 /* LaunchScreen.storyboard */ = {
			isa = PBXVariantGroup;
			children = (
				5FF67A5D27A13ABC008F5A47 /* Base */,
			);
			name = LaunchScreen.storyboard;
			sourceTree = "<group>";
		};
/* End PBXVariantGroup section */

/* Begin XCBuildConfiguration section */
		5FF67A7627A13ABC008F5A47 /* Debug */ = {
			isa = XCBuildConfiguration;
			buildSettings = {
				ALWAYS_SEARCH_USER_PATHS = NO;
				CLANG_ANALYZER_NONNULL = YES;
				CLANG_ANALYZER_NUMBER_OBJECT_CONVERSION = YES_AGGRESSIVE;
				CLANG_CXX_LANGUAGE_STANDARD = "gnu++17";
				CLANG_CXX_LIBRARY = "libc++";
				CLANG_ENABLE_MODULES = YES;
				CLANG_ENABLE_OBJC_ARC = YES;
				CLANG_ENABLE_OBJC_WEAK = YES;
				CLANG_WARN_BLOCK_CAPTURE_AUTORELEASING = YES;
				CLANG_WARN_BOOL_CONVERSION = YES;
				CLANG_WARN_COMMA = YES;
				CLANG_WARN_CONSTANT_CONVERSION = YES;
				CLANG_WARN_DEPRECATED_OBJC_IMPLEMENTATIONS = YES;
				CLANG_WARN_DIRECT_OBJC_ISA_USAGE = YES_ERROR;
				CLANG_WARN_DOCUMENTATION_COMMENTS = YES;
				CLANG_WARN_EMPTY_BODY = YES;
				CLANG_WARN_ENUM_CONVERSION = YES;
				CLANG_WARN_INFINITE_RECURSION = YES;
				CLANG_WARN_INT_CONVERSION = YES;
				CLANG_WARN_NON_LITERAL_NULL_CONVERSION = YES;
				CLANG_WARN_OBJC_IMPLICIT_RETAIN_SELF = YES;
				CLANG_WARN_OBJC_LITERAL_CONVERSION = YES;
				CLANG_WARN_OBJC_ROOT_CLASS = YES_ERROR;
				CLANG_WARN_QUOTED_INCLUDE_IN_FRAMEWORK_HEADER = YES;
				CLANG_WARN_RANGE_LOOP_ANALYSIS = YES;
				CLANG_WARN_STRICT_PROTOTYPES = YES;
				CLANG_WARN_SUSPICIOUS_MOVE = YES;
				CLANG_WARN_UNGUARDED_AVAILABILITY = YES_AGGRESSIVE;
				CLANG_WARN_UNREACHABLE_CODE = YES;
				CLANG_WARN__DUPLICATE_METHOD_MATCH = YES;
				COPY_PHASE_STRIP = NO;
				DEBUG_INFORMATION_FORMAT = dwarf;
				ENABLE_STRICT_OBJC_MSGSEND = YES;
				ENABLE_TESTABILITY = YES;
				GCC_C_LANGUAGE_STANDARD = gnu11;
				GCC_DYNAMIC_NO_PIC = NO;
				GCC_NO_COMMON_BLOCKS = YES;
				GCC_OPTIMIZATION_LEVEL = 0;
				GCC_PREPROCESSOR_DEFINITIONS = (
					"DEBUG=1",
					"$(inherited)",
				);
				GCC_WARN_64_TO_32_BIT_CONVERSION = YES;
				GCC_WARN_ABOUT_RETURN_TYPE = YES_ERROR;
				GCC_WARN_UNDECLARED_SELECTOR = YES;
				GCC_WARN_UNINITIALIZED_AUTOS = YES_AGGRESSIVE;
				GCC_WARN_UNUSED_FUNCTION = YES;
				GCC_WARN_UNUSED_VARIABLE = YES;
				IPHONEOS_DEPLOYMENT_TARGET = 15.2;
				MTL_ENABLE_DEBUG_INFO = INCLUDE_SOURCE;
				MTL_FAST_MATH = YES;
				ONLY_ACTIVE_ARCH = YES;
				SDKROOT = iphoneos;
				SWIFT_ACTIVE_COMPILATION_CONDITIONS = DEBUG;
				SWIFT_OPTIMIZATION_LEVEL = "-Onone";
			};
			name = Debug;
		};
		5FF67A7727A13ABC008F5A47 /* Release */ = {
			isa = XCBuildConfiguration;
			buildSettings = {
				ALWAYS_SEARCH_USER_PATHS = NO;
				CLANG_ANALYZER_NONNULL = YES;
				CLANG_ANALYZER_NUMBER_OBJECT_CONVERSION = YES_AGGRESSIVE;
				CLANG_CXX_LANGUAGE_STANDARD = "gnu++17";
				CLANG_CXX_LIBRARY = "libc++";
				CLANG_ENABLE_MODULES = YES;
				CLANG_ENABLE_OBJC_ARC = YES;
				CLANG_ENABLE_OBJC_WEAK = YES;
				CLANG_WARN_BLOCK_CAPTURE_AUTORELEASING = YES;
				CLANG_WARN_BOOL_CONVERSION = YES;
				CLANG_WARN_COMMA = YES;
				CLANG_WARN_CONSTANT_CONVERSION = YES;
				CLANG_WARN_DEPRECATED_OBJC_IMPLEMENTATIONS = YES;
				CLANG_WARN_DIRECT_OBJC_ISA_USAGE = YES_ERROR;
				CLANG_WARN_DOCUMENTATION_COMMENTS = YES;
				CLANG_WARN_EMPTY_BODY = YES;
				CLANG_WARN_ENUM_CONVERSION = YES;
				CLANG_WARN_INFINITE_RECURSION = YES;
				CLANG_WARN_INT_CONVERSION = YES;
				CLANG_WARN_NON_LITERAL_NULL_CONVERSION = YES;
				CLANG_WARN_OBJC_IMPLICIT_RETAIN_SELF = YES;
				CLANG_WARN_OBJC_LITERAL_CONVERSION = YES;
				CLANG_WARN_OBJC_ROOT_CLASS = YES_ERROR;
				CLANG_WARN_QUOTED_INCLUDE_IN_FRAMEWORK_HEADER = YES;
				CLANG_WARN_RANGE_LOOP_ANALYSIS = YES;
				CLANG_WARN_STRICT_PROTOTYPES = YES;
				CLANG_WARN_SUSPICIOUS_MOVE = YES;
				CLANG_WARN_UNGUARDED_AVAILABILITY = YES_AGGRESSIVE;
				CLANG_WARN_UNREACHABLE_CODE = YES;
				CLANG_WARN__DUPLICATE_METHOD_MATCH = YES;
				COPY_PHASE_STRIP = NO;
				DEBUG_INFORMATION_FORMAT = "dwarf-with-dsym";
				ENABLE_NS_ASSERTIONS = NO;
				ENABLE_STRICT_OBJC_MSGSEND = YES;
				GCC_C_LANGUAGE_STANDARD = gnu11;
				GCC_NO_COMMON_BLOCKS = YES;
				GCC_WARN_64_TO_32_BIT_CONVERSION = YES;
				GCC_WARN_ABOUT_RETURN_TYPE = YES_ERROR;
				GCC_WARN_UNDECLARED_SELECTOR = YES;
				GCC_WARN_UNINITIALIZED_AUTOS = YES_AGGRESSIVE;
				GCC_WARN_UNUSED_FUNCTION = YES;
				GCC_WARN_UNUSED_VARIABLE = YES;
				IPHONEOS_DEPLOYMENT_TARGET = 15.2;
				MTL_ENABLE_DEBUG_INFO = NO;
				MTL_FAST_MATH = YES;
				SDKROOT = iphoneos;
				SWIFT_COMPILATION_MODE = wholemodule;
				SWIFT_OPTIMIZATION_LEVEL = "-O";
				VALIDATE_PRODUCT = YES;
			};
			name = Release;
		};
		5FF67A7927A13ABC008F5A47 /* Debug */ = {
			isa = XCBuildConfiguration;
			buildSettings = {
				ASSETCATALOG_COMPILER_APPICON_NAME = AppIcon;
				ASSETCATALOG_COMPILER_GLOBAL_ACCENT_COLOR_NAME = AccentColor;
				CODE_SIGN_STYLE = Automatic;
				CURRENT_PROJECT_VERSION = 1;
				DEVELOPMENT_TEAM = 74W4KWPA75;
				GENERATE_INFOPLIST_FILE = YES;
				INFOPLIST_FILE = "CoreData-Sample/Info.plist";
				INFOPLIST_KEY_UIApplicationSupportsIndirectInputEvents = YES;
				INFOPLIST_KEY_UILaunchStoryboardName = LaunchScreen;
				INFOPLIST_KEY_UISupportedInterfaceOrientations = UIInterfaceOrientationPortrait;
				INFOPLIST_KEY_UISupportedInterfaceOrientations_iPad = "UIInterfaceOrientationPortrait UIInterfaceOrientationPortraitUpsideDown";
				INFOPLIST_KEY_UISupportedInterfaceOrientations_iPhone = UIInterfaceOrientationPortrait;
				LD_RUNPATH_SEARCH_PATHS = (
					"$(inherited)",
					"@executable_path/Frameworks",
				);
				MARKETING_VERSION = 1.0;
				PRODUCT_BUNDLE_IDENTIFIER = "com.sarkoobi.CoreData-Sample";
				PRODUCT_NAME = "$(TARGET_NAME)";
				SWIFT_EMIT_LOC_STRINGS = YES;
				SWIFT_VERSION = 5.0;
				TARGETED_DEVICE_FAMILY = "1,2";
			};
			name = Debug;
		};
		5FF67A7A27A13ABC008F5A47 /* Release */ = {
			isa = XCBuildConfiguration;
			buildSettings = {
				ASSETCATALOG_COMPILER_APPICON_NAME = AppIcon;
				ASSETCATALOG_COMPILER_GLOBAL_ACCENT_COLOR_NAME = AccentColor;
				CODE_SIGN_STYLE = Automatic;
				CURRENT_PROJECT_VERSION = 1;
				DEVELOPMENT_TEAM = 74W4KWPA75;
				GENERATE_INFOPLIST_FILE = YES;
				INFOPLIST_FILE = "CoreData-Sample/Info.plist";
				INFOPLIST_KEY_UIApplicationSupportsIndirectInputEvents = YES;
				INFOPLIST_KEY_UILaunchStoryboardName = LaunchScreen;
				INFOPLIST_KEY_UISupportedInterfaceOrientations = UIInterfaceOrientationPortrait;
				INFOPLIST_KEY_UISupportedInterfaceOrientations_iPad = "UIInterfaceOrientationPortrait UIInterfaceOrientationPortraitUpsideDown";
				INFOPLIST_KEY_UISupportedInterfaceOrientations_iPhone = UIInterfaceOrientationPortrait;
				LD_RUNPATH_SEARCH_PATHS = (
					"$(inherited)",
					"@executable_path/Frameworks",
				);
				MARKETING_VERSION = 1.0;
				PRODUCT_BUNDLE_IDENTIFIER = "com.sarkoobi.CoreData-Sample";
				PRODUCT_NAME = "$(TARGET_NAME)";
				SWIFT_EMIT_LOC_STRINGS = YES;
				SWIFT_VERSION = 5.0;
				TARGETED_DEVICE_FAMILY = "1,2";
			};
			name = Release;
		};
		5FF67A7C27A13ABC008F5A47 /* Debug */ = {
			isa = XCBuildConfiguration;
			buildSettings = {
				ALWAYS_EMBED_SWIFT_STANDARD_LIBRARIES = YES;
				BUNDLE_LOADER = "$(TEST_HOST)";
				CODE_SIGN_STYLE = Automatic;
				CURRENT_PROJECT_VERSION = 1;
				DEVELOPMENT_TEAM = 74W4KWPA75;
				GENERATE_INFOPLIST_FILE = YES;
				IPHONEOS_DEPLOYMENT_TARGET = 15.2;
				MARKETING_VERSION = 1.0;
				PRODUCT_BUNDLE_IDENTIFIER = "com.sarkoobi.CoreData-SampleTests";
				PRODUCT_NAME = "$(TARGET_NAME)";
				SWIFT_EMIT_LOC_STRINGS = NO;
				SWIFT_VERSION = 5.0;
				TARGETED_DEVICE_FAMILY = "1,2";
				TEST_HOST = "$(BUILT_PRODUCTS_DIR)/CoreData-Sample.app/CoreData-Sample";
			};
			name = Debug;
		};
		5FF67A7D27A13ABC008F5A47 /* Release */ = {
			isa = XCBuildConfiguration;
			buildSettings = {
				ALWAYS_EMBED_SWIFT_STANDARD_LIBRARIES = YES;
				BUNDLE_LOADER = "$(TEST_HOST)";
				CODE_SIGN_STYLE = Automatic;
				CURRENT_PROJECT_VERSION = 1;
				DEVELOPMENT_TEAM = 74W4KWPA75;
				GENERATE_INFOPLIST_FILE = YES;
				IPHONEOS_DEPLOYMENT_TARGET = 15.2;
				MARKETING_VERSION = 1.0;
				PRODUCT_BUNDLE_IDENTIFIER = "com.sarkoobi.CoreData-SampleTests";
				PRODUCT_NAME = "$(TARGET_NAME)";
				SWIFT_EMIT_LOC_STRINGS = NO;
				SWIFT_VERSION = 5.0;
				TARGETED_DEVICE_FAMILY = "1,2";
				TEST_HOST = "$(BUILT_PRODUCTS_DIR)/CoreData-Sample.app/CoreData-Sample";
			};
			name = Release;
		};
		5FF67A7F27A13ABC008F5A47 /* Debug */ = {
			isa = XCBuildConfiguration;
			buildSettings = {
				ALWAYS_EMBED_SWIFT_STANDARD_LIBRARIES = YES;
				CODE_SIGN_STYLE = Automatic;
				CURRENT_PROJECT_VERSION = 1;
				DEVELOPMENT_TEAM = 74W4KWPA75;
				GENERATE_INFOPLIST_FILE = YES;
				MARKETING_VERSION = 1.0;
				PRODUCT_BUNDLE_IDENTIFIER = "com.sarkoobi.CoreData-SampleUITests";
				PRODUCT_NAME = "$(TARGET_NAME)";
				SWIFT_EMIT_LOC_STRINGS = NO;
				SWIFT_VERSION = 5.0;
				TARGETED_DEVICE_FAMILY = "1,2";
				TEST_TARGET_NAME = "CoreData-Sample";
			};
			name = Debug;
		};
		5FF67A8027A13ABC008F5A47 /* Release */ = {
			isa = XCBuildConfiguration;
			buildSettings = {
				ALWAYS_EMBED_SWIFT_STANDARD_LIBRARIES = YES;
				CODE_SIGN_STYLE = Automatic;
				CURRENT_PROJECT_VERSION = 1;
				DEVELOPMENT_TEAM = 74W4KWPA75;
				GENERATE_INFOPLIST_FILE = YES;
				MARKETING_VERSION = 1.0;
				PRODUCT_BUNDLE_IDENTIFIER = "com.sarkoobi.CoreData-SampleUITests";
				PRODUCT_NAME = "$(TARGET_NAME)";
				SWIFT_EMIT_LOC_STRINGS = NO;
				SWIFT_VERSION = 5.0;
				TARGETED_DEVICE_FAMILY = "1,2";
				TEST_TARGET_NAME = "CoreData-Sample";
			};
			name = Release;
		};
/* End XCBuildConfiguration section */

/* Begin XCConfigurationList section */
		5FF67A4627A13ABA008F5A47 /* Build configuration list for PBXProject "CoreData-Sample" */ = {
			isa = XCConfigurationList;
			buildConfigurations = (
				5FF67A7627A13ABC008F5A47 /* Debug */,
				5FF67A7727A13ABC008F5A47 /* Release */,
			);
			defaultConfigurationIsVisible = 0;
			defaultConfigurationName = Release;
		};
		5FF67A7827A13ABC008F5A47 /* Build configuration list for PBXNativeTarget "CoreData-Sample" */ = {
			isa = XCConfigurationList;
			buildConfigurations = (
				5FF67A7927A13ABC008F5A47 /* Debug */,
				5FF67A7A27A13ABC008F5A47 /* Release */,
			);
			defaultConfigurationIsVisible = 0;
			defaultConfigurationName = Release;
		};
		5FF67A7B27A13ABC008F5A47 /* Build configuration list for PBXNativeTarget "CoreData-SampleTests" */ = {
			isa = XCConfigurationList;
			buildConfigurations = (
				5FF67A7C27A13ABC008F5A47 /* Debug */,
				5FF67A7D27A13ABC008F5A47 /* Release */,
			);
			defaultConfigurationIsVisible = 0;
			defaultConfigurationName = Release;
		};
		5FF67A7E27A13ABC008F5A47 /* Build configuration list for PBXNativeTarget "CoreData-SampleUITests" */ = {
			isa = XCConfigurationList;
			buildConfigurations = (
				5FF67A7F27A13ABC008F5A47 /* Debug */,
				5FF67A8027A13ABC008F5A47 /* Release */,
			);
			defaultConfigurationIsVisible = 0;
			defaultConfigurationName = Release;
		};
/* End XCConfigurationList section */

/* Begin XCVersionGroup section */
		5FF67A5727A13ABA008F5A47 /* CoreData_Sample.xcdatamodeld */ = {
			isa = XCVersionGroup;
			children = (
				5FF67A5827A13ABA008F5A47 /* CoreData_Sample.xcdatamodel */,
			);
			currentVersion = 5FF67A5827A13ABA008F5A47 /* CoreData_Sample.xcdatamodel */;
			path = CoreData_Sample.xcdatamodeld;
			sourceTree = "<group>";
			versionGroupType = wrapper.xcdatamodel;
		};
/* End XCVersionGroup section */
	};
	rootObject = 5FF67A4327A13ABA008F5A47 /* Project object */;
}
